
Microsoft Visual Studio Solution File, Format Version 12.00
# Visual Studio 14
VisualStudioVersion = 14.0.25420.1
MinimumVisualStudioVersion = 10.0.40219.1
Project("{FAE04EC0-301F-11D3-BF4B-00C04F79EFBC}") = "EveryDayShuffling", "EveryDayShuffling\EveryDayShuffling.csproj", "{423ADC3D-9862-4BA1-8143-A6F90DC9836C}"
EndProject
Project("{FAE04EC0-301F-11D3-BF4B-00C04F79EFBC}") = "TestShuffle", "TestShuffle\TestShuffle.csproj", "{353FFCC8-4882-4093-9DB9-F393688DD2DA}"
EndProject
Global
	GlobalSection(SolutionConfigurationPlatforms) = preSolution
		Debug|Any CPU = Debug|Any CPU
		Release|Any CPU = Release|Any CPU
	EndGlobalSection
	GlobalSection(ProjectConfigurationPlatforms) = postSolution
		{423ADC3D-9862-4BA1-8143-A6F90DC9836C}.Debug|Any CPU.ActiveCfg = Debug|Any CPU
		{423ADC3D-9862-4BA1-8143-A6F90DC9836C}.Debug|Any CPU.Build.0 = Debug|Any CPU
		{423ADC3D-9862-4BA1-8143-A6F90DC9836C}.Release|Any CPU.ActiveCfg = Release|Any CPU
		{423ADC3D-9862-4BA1-8143-A6F90DC9836C}.Release|Any CPU.Build.0 = Release|Any CPU
		{353FFCC8-4882-4093-9DB9-F393688DD2DA}.Debug|Any CPU.ActiveCfg = Debug|Any CPU
		{353FFCC8-4882-4093-9DB9-F393688DD2DA}.Debug|Any CPU.Build.0 = Debug|Any CPU
		{353FFCC8-4882-4093-9DB9-F393688DD2DA}.Release|Any CPU.ActiveCfg = Release|Any CPU
		{353FFCC8-4882-4093-9DB9-F393688DD2DA}.Release|Any CPU.Build.0 = Release|Any CPU
	EndGlobalSection
	GlobalSection(SolutionProperties) = preSolution
		HideSolutionNode = FALSE
	EndGlobalSection
EndGlobal
